
Microsoft Visual Studio Solution File, Format Version 12.00
# Visual Studio Version 16
VisualStudioVersion = 16.0.31410.357
MinimumVisualStudioVersion = 10.0.40219.1
Project("{9092AA53-FB77-4645-B42D-1CCCA6BD08BD}") = "BasicNodeJSExpressApp", "BasicNodeJSExpressApp\BasicNodeJSExpressApp.njsproj", "{FF754295-9B5F-46E3-94B5-B8C91AD71610}"
EndProject
Global
	GlobalSection(SolutionConfigurationPlatforms) = preSolution
		Debug|Any CPU = Debug|Any CPU
		Release|Any CPU = Release|Any CPU
	EndGlobalSection
	GlobalSection(ProjectConfigurationPlatforms) = postSolution
		{FF754295-9B5F-46E3-94B5-B8C91AD71610}.Debug|Any CPU.ActiveCfg = Debug|Any CPU
		{FF754295-9B5F-46E3-94B5-B8C91AD71610}.Debug|Any CPU.Build.0 = Debug|Any CPU
		{FF754295-9B5F-46E3-94B5-B8C91AD71610}.Release|Any CPU.ActiveCfg = Release|Any CPU
		{FF754295-9B5F-46E3-94B5-B8C91AD71610}.Release|Any CPU.Build.0 = Release|Any CPU
	EndGlobalSection
	GlobalSection(SolutionProperties) = preSolution
		HideSolutionNode = FALSE
	EndGlobalSection
	GlobalSection(ExtensibilityGlobals) = postSolution
		SolutionGuid = {A735BBFA-F231-40BA-8914-EE767AFD4C70}
	EndGlobalSection
EndGlobal
